
Microsoft Visual Studio Solution File, Format Version 12.00
# Visual Studio Version 16
VisualStudioVersion = 16.0.29920.165
MinimumVisualStudioVersion = 10.0.40219.1
Project("{FAE04EC0-301F-11D3-BF4B-00C04F79EFBC}") = "Lab01", "Lab01\Lab01.csproj", "{539BADC7-B100-4FB4-AA38-E18A8BD7E429}"
EndProject
Global
	GlobalSection(SolutionConfigurationPlatforms) = preSolution
		Debug|Any CPU = Debug|Any CPU
		Release|Any CPU = Release|Any CPU
	EndGlobalSection
	GlobalSection(ProjectConfigurationPlatforms) = postSolution
		{539BADC7-B100-4FB4-AA38-E18A8BD7E429}.Debug|Any CPU.ActiveCfg = Debug|Any CPU
		{539BADC7-B100-4FB4-AA38-E18A8BD7E429}.Debug|Any CPU.Build.0 = Debug|Any CPU
		{539BADC7-B100-4FB4-AA38-E18A8BD7E429}.Release|Any CPU.ActiveCfg = Release|Any CPU
		{539BADC7-B100-4FB4-AA38-E18A8BD7E429}.Release|Any CPU.Build.0 = Release|Any CPU
	EndGlobalSection
	GlobalSection(SolutionProperties) = preSolution
		HideSolutionNode = FALSE
	EndGlobalSection
	GlobalSection(ExtensibilityGlobals) = postSolution
		SolutionGuid = {2CF48CF3-1630-47AB-89A2-E71E5DA81425}
	EndGlobalSection
EndGlobal
